// !$*UTF8*$!
{
	archiveVersion = 1;
	classes = {
	};
	objectVersion = 46;
	objects = {

/* Begin PBXBuildFile section */
		2D15CA771A430BA900A7A5CC /* ParticipatingUser.swift in Sources */ = {isa = PBXBuildFile; fileRef = 2D15CA761A430BA800A7A5CC /* ParticipatingUser.swift */; };
		2D1AE7C11A4058DA00F111E6 /* AppDelegate.swift in Sources */ = {isa = PBXBuildFile; fileRef = 2D1AE7C01A4058DA00F111E6 /* AppDelegate.swift */; };
		2D1AE7C31A4058DA00F111E6 /* FbLoginViewController.swift in Sources */ = {isa = PBXBuildFile; fileRef = 2D1AE7C21A4058DA00F111E6 /* FbLoginViewController.swift */; };
		2D1AE7C61A4058DA00F111E6 /* Main.storyboard in Resources */ = {isa = PBXBuildFile; fileRef = 2D1AE7C41A4058DA00F111E6 /* Main.storyboard */; };
		2D1AE7C81A4058DA00F111E6 /* Images.xcassets in Resources */ = {isa = PBXBuildFile; fileRef = 2D1AE7C71A4058DA00F111E6 /* Images.xcassets */; };
		2D1AE7CB1A4058DA00F111E6 /* LaunchScreen.xib in Resources */ = {isa = PBXBuildFile; fileRef = 2D1AE7C91A4058DA00F111E6 /* LaunchScreen.xib */; };
		2D1AE7D71A4058DA00F111E6 /* What_The_Fe_teTests.swift in Sources */ = {isa = PBXBuildFile; fileRef = 2D1AE7D61A4058DA00F111E6 /* What_The_Fe_teTests.swift */; };
		2D6839BC1A421B3F003F2497 /* User.swift in Sources */ = {isa = PBXBuildFile; fileRef = 2D6839BB1A421B3F003F2497 /* User.swift */; };
		2D6839BF1A421F7E003F2497 /* People.swift in Sources */ = {isa = PBXBuildFile; fileRef = 2D6839BE1A421F7E003F2497 /* People.swift */; };
		2D6839C11A422ADC003F2497 /* UserTableViewCell.swift in Sources */ = {isa = PBXBuildFile; fileRef = 2D6839C01A422ADC003F2497 /* UserTableViewCell.swift */; };
		2D6839C31A4233DB003F2497 /* DetailParticipatingUsersViewController.swift in Sources */ = {isa = PBXBuildFile; fileRef = 2D6839C21A4233DB003F2497 /* DetailParticipatingUsersViewController.swift */; };
		2D7EE2231A434EAF0068E059 /* Rating.swift in Sources */ = {isa = PBXBuildFile; fileRef = 2D7EE2221A434EAF0068E059 /* Rating.swift */; };
		2D7EE2261A4351640068E059 /* Skill.swift in Sources */ = {isa = PBXBuildFile; fileRef = 2D7EE2251A4351640068E059 /* Skill.swift */; };
		2D9507F41A40C54600B011A5 /* Alamofire.framework in Embed Frameworks */ = {isa = PBXBuildFile; fileRef = AD5E686C1A40918E00FBF012 /* Alamofire.framework */; settings = {ATTRIBUTES = (CodeSignOnCopy, RemoveHeadersOnCopy, ); }; };
		2DA27C521A40D579002B3AF8 /* Soiree.swift in Sources */ = {isa = PBXBuildFile; fileRef = 2DA27C511A40D579002B3AF8 /* Soiree.swift */; };
		2DA27C551A40D80F002B3AF8 /* SoireeTableViewCell.swift in Sources */ = {isa = PBXBuildFile; fileRef = 2DA27C541A40D80F002B3AF8 /* SoireeTableViewCell.swift */; };
		2DA27C571A41765E002B3AF8 /* DetailSoireeViewController.swift in Sources */ = {isa = PBXBuildFile; fileRef = 2DA27C561A41765E002B3AF8 /* DetailSoireeViewController.swift */; };
		2DA27C5A1A417E04002B3AF8 /* AddSoireeViewController.swift in Sources */ = {isa = PBXBuildFile; fileRef = 2DA27C591A417E04002B3AF8 /* AddSoireeViewController.swift */; };
		2DCFD5301A4087BF006E0732 /* HomeViewController.swift in Sources */ = {isa = PBXBuildFile; fileRef = 2DCFD52F1A4087BF006E0732 /* HomeViewController.swift */; };
		AD4416C41A41D91D00F4EF5F /* ProximaNova-SemiboldItalic.otf in Resources */ = {isa = PBXBuildFile; fileRef = AD4416A91A41D91D00F4EF5F /* ProximaNova-SemiboldItalic.otf */; };
		AD4416C51A41D91D00F4EF5F /* ProximaNova-Semibold.otf in Resources */ = {isa = PBXBuildFile; fileRef = AD4416AA1A41D91D00F4EF5F /* ProximaNova-Semibold.otf */; };
		AD4416C61A41D91D00F4EF5F /* ProximaNova-RegularItalic.otf in Resources */ = {isa = PBXBuildFile; fileRef = AD4416AB1A41D91D00F4EF5F /* ProximaNova-RegularItalic.otf */; };
		AD4416C71A41D91D00F4EF5F /* ProximaNova-Regular.otf in Resources */ = {isa = PBXBuildFile; fileRef = AD4416AC1A41D91D00F4EF5F /* ProximaNova-Regular.otf */; };
		AD4416C81A41D91D00F4EF5F /* ProximaNova-RegItalic.otf in Resources */ = {isa = PBXBuildFile; fileRef = AD4416AD1A41D91D00F4EF5F /* ProximaNova-RegItalic.otf */; };
		AD4416C91A41D91D00F4EF5F /* ProximaNova-LightItalic.otf in Resources */ = {isa = PBXBuildFile; fileRef = AD4416AE1A41D91D00F4EF5F /* ProximaNova-LightItalic.otf */; };
		AD4416CA1A41D91D00F4EF5F /* ProximaNova-Light.otf in Resources */ = {isa = PBXBuildFile; fileRef = AD4416AF1A41D91D00F4EF5F /* ProximaNova-Light.otf */; };
		AD4416CB1A41D91D00F4EF5F /* ProximaNova-Extrabold.otf in Resources */ = {isa = PBXBuildFile; fileRef = AD4416B01A41D91D00F4EF5F /* ProximaNova-Extrabold.otf */; };
		AD4416CC1A41D91D00F4EF5F /* ProximaNova-BoldIt.otf in Resources */ = {isa = PBXBuildFile; fileRef = AD4416B11A41D91D00F4EF5F /* ProximaNova-BoldIt.otf */; };
		AD4416CD1A41D91D00F4EF5F /* ProximaNova-Bold.otf in Resources */ = {isa = PBXBuildFile; fileRef = AD4416B21A41D91D00F4EF5F /* ProximaNova-Bold.otf */; };
		AD4416CE1A41D91D00F4EF5F /* ProximaNova-Black.otf in Resources */ = {isa = PBXBuildFile; fileRef = AD4416B31A41D91D00F4EF5F /* ProximaNova-Black.otf */; };
		AD4416CF1A41D91D00F4EF5F /* Gotham-XLightItalic.otf in Resources */ = {isa = PBXBuildFile; fileRef = AD4416B41A41D91D00F4EF5F /* Gotham-XLightItalic.otf */; };
		AD4416D01A41D91D00F4EF5F /* Gotham-XLight.otf in Resources */ = {isa = PBXBuildFile; fileRef = AD4416B51A41D91D00F4EF5F /* Gotham-XLight.otf */; };
		AD4416D11A41D91D00F4EF5F /* Gotham-UltraItalic.otf in Resources */ = {isa = PBXBuildFile; fileRef = AD4416B61A41D91D00F4EF5F /* Gotham-UltraItalic.otf */; };
		AD4416D21A41D91D00F4EF5F /* Gotham-Ultra.otf in Resources */ = {isa = PBXBuildFile; fileRef = AD4416B71A41D91D00F4EF5F /* Gotham-Ultra.otf */; };
		AD4416D31A41D91D00F4EF5F /* Gotham-ThinItalic.otf in Resources */ = {isa = PBXBuildFile; fileRef = AD4416B81A41D91D00F4EF5F /* Gotham-ThinItalic.otf */; };
		AD4416D41A41D91D00F4EF5F /* Gotham-Thin.otf in Resources */ = {isa = PBXBuildFile; fileRef = AD4416B91A41D91D00F4EF5F /* Gotham-Thin.otf */; };
		AD4416D51A41D91D00F4EF5F /* Gotham-MediumItalic.otf in Resources */ = {isa = PBXBuildFile; fileRef = AD4416BA1A41D91D00F4EF5F /* Gotham-MediumItalic.otf */; };
		AD4416D61A41D91D00F4EF5F /* Gotham-Medium.otf in Resources */ = {isa = PBXBuildFile; fileRef = AD4416BB1A41D91D00F4EF5F /* Gotham-Medium.otf */; };
		AD4416D71A41D91D00F4EF5F /* Gotham-LightItalic.otf in Resources */ = {isa = PBXBuildFile; fileRef = AD4416BC1A41D91D00F4EF5F /* Gotham-LightItalic.otf */; };
		AD4416D81A41D91D00F4EF5F /* Gotham-Light.otf in Resources */ = {isa = PBXBuildFile; fileRef = AD4416BD1A41D91D00F4EF5F /* Gotham-Light.otf */; };
		AD4416D91A41D91D00F4EF5F /* Gotham-BookItalic.otf in Resources */ = {isa = PBXBuildFile; fileRef = AD4416BE1A41D91D00F4EF5F /* Gotham-BookItalic.otf */; };
		AD4416DA1A41D91D00F4EF5F /* Gotham-Book.otf in Resources */ = {isa = PBXBuildFile; fileRef = AD4416BF1A41D91D00F4EF5F /* Gotham-Book.otf */; };
		AD4416DB1A41D91D00F4EF5F /* Gotham-BoldItalic.otf in Resources */ = {isa = PBXBuildFile; fileRef = AD4416C01A41D91D00F4EF5F /* Gotham-BoldItalic.otf */; };
		AD4416DC1A41D91D00F4EF5F /* Gotham-Bold.otf in Resources */ = {isa = PBXBuildFile; fileRef = AD4416C11A41D91D00F4EF5F /* Gotham-Bold.otf */; };
		AD4416DD1A41D91D00F4EF5F /* Gotham-BlackItalic.otf in Resources */ = {isa = PBXBuildFile; fileRef = AD4416C21A41D91D00F4EF5F /* Gotham-BlackItalic.otf */; };
		AD4416DE1A41D91D00F4EF5F /* Gotham-Black.otf in Resources */ = {isa = PBXBuildFile; fileRef = AD4416C31A41D91D00F4EF5F /* Gotham-Black.otf */; };
		ADBCCC4E1A406CC9000C55A0 /* FacebookSDK.framework in Frameworks */ = {isa = PBXBuildFile; fileRef = ADBCCC4D1A406CC9000C55A0 /* FacebookSDK.framework */; };
/* End PBXBuildFile section */

/* Begin PBXContainerItemProxy section */
		2D1AE7D11A4058DA00F111E6 /* PBXContainerItemProxy */ = {
			isa = PBXContainerItemProxy;
			containerPortal = 2D1AE7B31A4058DA00F111E6 /* Project object */;
			proxyType = 1;
			remoteGlobalIDString = 2D1AE7BA1A4058DA00F111E6;
			remoteInfo = "What The Fête";
		};
		2D9507F51A40C54600B011A5 /* PBXContainerItemProxy */ = {
			isa = PBXContainerItemProxy;
			containerPortal = AD5E68661A40918D00FBF012 /* Alamofire.xcodeproj */;
			proxyType = 1;
			remoteGlobalIDString = F8111E3219A95C8B0040E7D1;
			remoteInfo = Alamofire;
		};
		AD5E686B1A40918E00FBF012 /* PBXContainerItemProxy */ = {
			isa = PBXContainerItemProxy;
			containerPortal = AD5E68661A40918D00FBF012 /* Alamofire.xcodeproj */;
			proxyType = 2;
			remoteGlobalIDString = F8111E3319A95C8B0040E7D1;
			remoteInfo = Alamofire;
		};
		AD5E686D1A40918E00FBF012 /* PBXContainerItemProxy */ = {
			isa = PBXContainerItemProxy;
			containerPortal = AD5E68661A40918D00FBF012 /* Alamofire.xcodeproj */;
			proxyType = 2;
			remoteGlobalIDString = F8111E3E19A95C8B0040E7D1;
			remoteInfo = AlamofireTests;
		};
/* End PBXContainerItemProxy section */

/* Begin PBXCopyFilesBuildPhase section */
		2D9507F71A40C54600B011A5 /* Embed Frameworks */ = {
			isa = PBXCopyFilesBuildPhase;
			buildActionMask = 2147483647;
			dstPath = "";
			dstSubfolderSpec = 10;
			files = (
				2D9507F41A40C54600B011A5 /* Alamofire.framework in Embed Frameworks */,
			);
			name = "Embed Frameworks";
			runOnlyForDeploymentPostprocessing = 0;
		};
/* End PBXCopyFilesBuildPhase section */

/* Begin PBXFileReference section */
		2D15CA761A430BA800A7A5CC /* ParticipatingUser.swift */ = {isa = PBXFileReference; fileEncoding = 4; lastKnownFileType = sourcecode.swift; path = ParticipatingUser.swift; sourceTree = "<group>"; };
		2D1AE7BB1A4058DA00F111E6 /* What The Fête.app */ = {isa = PBXFileReference; explicitFileType = wrapper.application; includeInIndex = 0; path = "What The Fête.app"; sourceTree = BUILT_PRODUCTS_DIR; };
		2D1AE7BF1A4058DA00F111E6 /* Info.plist */ = {isa = PBXFileReference; lastKnownFileType = text.plist.xml; path = Info.plist; sourceTree = "<group>"; };
		2D1AE7C01A4058DA00F111E6 /* AppDelegate.swift */ = {isa = PBXFileReference; lastKnownFileType = sourcecode.swift; path = AppDelegate.swift; sourceTree = "<group>"; };
		2D1AE7C21A4058DA00F111E6 /* FbLoginViewController.swift */ = {isa = PBXFileReference; lastKnownFileType = sourcecode.swift; path = FbLoginViewController.swift; sourceTree = "<group>"; };
		2D1AE7C51A4058DA00F111E6 /* Base */ = {isa = PBXFileReference; lastKnownFileType = file.storyboard; name = Base; path = Base.lproj/Main.storyboard; sourceTree = "<group>"; };
		2D1AE7C71A4058DA00F111E6 /* Images.xcassets */ = {isa = PBXFileReference; lastKnownFileType = folder.assetcatalog; path = Images.xcassets; sourceTree = "<group>"; };
		2D1AE7CA1A4058DA00F111E6 /* Base */ = {isa = PBXFileReference; lastKnownFileType = file.xib; name = Base; path = Base.lproj/LaunchScreen.xib; sourceTree = "<group>"; };
		2D1AE7D01A4058DA00F111E6 /* What The FêteTests.xctest */ = {isa = PBXFileReference; explicitFileType = wrapper.cfbundle; includeInIndex = 0; path = "What The FêteTests.xctest"; sourceTree = BUILT_PRODUCTS_DIR; };
		2D1AE7D51A4058DA00F111E6 /* Info.plist */ = {isa = PBXFileReference; lastKnownFileType = text.plist.xml; path = Info.plist; sourceTree = "<group>"; };
		2D1AE7D61A4058DA00F111E6 /* What_The_Fe_teTests.swift */ = {isa = PBXFileReference; lastKnownFileType = sourcecode.swift; path = What_The_Fe_teTests.swift; sourceTree = "<group>"; };
		2D1AE7E81A405EFF00F111E6 /* Bridge-Header.h */ = {isa = PBXFileReference; lastKnownFileType = sourcecode.c.h; path = "Bridge-Header.h"; sourceTree = "<group>"; };
		2D6839BB1A421B3F003F2497 /* User.swift */ = {isa = PBXFileReference; fileEncoding = 4; lastKnownFileType = sourcecode.swift; path = User.swift; sourceTree = "<group>"; };
		2D6839BE1A421F7E003F2497 /* People.swift */ = {isa = PBXFileReference; fileEncoding = 4; lastKnownFileType = sourcecode.swift; path = People.swift; sourceTree = "<group>"; };
		2D6839C01A422ADC003F2497 /* UserTableViewCell.swift */ = {isa = PBXFileReference; fileEncoding = 4; lastKnownFileType = sourcecode.swift; path = UserTableViewCell.swift; sourceTree = "<group>"; };
		2D6839C21A4233DB003F2497 /* DetailParticipatingUsersViewController.swift */ = {isa = PBXFileReference; fileEncoding = 4; lastKnownFileType = sourcecode.swift; path = DetailParticipatingUsersViewController.swift; sourceTree = "<group>"; };
		2D7EE2221A434EAF0068E059 /* Rating.swift */ = {isa = PBXFileReference; fileEncoding = 4; lastKnownFileType = sourcecode.swift; path = Rating.swift; sourceTree = "<group>"; };
		2D7EE2251A4351640068E059 /* Skill.swift */ = {isa = PBXFileReference; fileEncoding = 4; lastKnownFileType = sourcecode.swift; path = Skill.swift; sourceTree = "<group>"; };
		2DA27C511A40D579002B3AF8 /* Soiree.swift */ = {isa = PBXFileReference; fileEncoding = 4; lastKnownFileType = sourcecode.swift; path = Soiree.swift; sourceTree = "<group>"; };
		2DA27C541A40D80F002B3AF8 /* SoireeTableViewCell.swift */ = {isa = PBXFileReference; fileEncoding = 4; lastKnownFileType = sourcecode.swift; path = SoireeTableViewCell.swift; sourceTree = "<group>"; };
		2DA27C561A41765E002B3AF8 /* DetailSoireeViewController.swift */ = {isa = PBXFileReference; fileEncoding = 4; lastKnownFileType = sourcecode.swift; path = DetailSoireeViewController.swift; sourceTree = "<group>"; };
		2DA27C591A417E04002B3AF8 /* AddSoireeViewController.swift */ = {isa = PBXFileReference; fileEncoding = 4; lastKnownFileType = sourcecode.swift; path = AddSoireeViewController.swift; sourceTree = "<group>"; };
		2DCFD52F1A4087BF006E0732 /* HomeViewController.swift */ = {isa = PBXFileReference; fileEncoding = 4; lastKnownFileType = sourcecode.swift; path = HomeViewController.swift; sourceTree = "<group>"; };
		AD4416A91A41D91D00F4EF5F /* ProximaNova-SemiboldItalic.otf */ = {isa = PBXFileReference; lastKnownFileType = file; name = "ProximaNova-SemiboldItalic.otf"; path = "../../../../../Google Drive/WTF-H4/Assets/FONTS/PROXIMA-NOVA/ProximaNova-SemiboldItalic.otf"; sourceTree = "<group>"; };
		AD4416AA1A41D91D00F4EF5F /* ProximaNova-Semibold.otf */ = {isa = PBXFileReference; lastKnownFileType = file; name = "ProximaNova-Semibold.otf"; path = "../../../../../Google Drive/WTF-H4/Assets/FONTS/PROXIMA-NOVA/ProximaNova-Semibold.otf"; sourceTree = "<group>"; };
		AD4416AB1A41D91D00F4EF5F /* ProximaNova-RegularItalic.otf */ = {isa = PBXFileReference; lastKnownFileType = file; name = "ProximaNova-RegularItalic.otf"; path = "../../../../../Google Drive/WTF-H4/Assets/FONTS/PROXIMA-NOVA/ProximaNova-RegularItalic.otf"; sourceTree = "<group>"; };
		AD4416AC1A41D91D00F4EF5F /* ProximaNova-Regular.otf */ = {isa = PBXFileReference; lastKnownFileType = file; name = "ProximaNova-Regular.otf"; path = "../../../../../Google Drive/WTF-H4/Assets/FONTS/PROXIMA-NOVA/ProximaNova-Regular.otf"; sourceTree = "<group>"; };
		AD4416AD1A41D91D00F4EF5F /* ProximaNova-RegItalic.otf */ = {isa = PBXFileReference; lastKnownFileType = file; name = "ProximaNova-RegItalic.otf"; path = "../../../../../Google Drive/WTF-H4/Assets/FONTS/PROXIMA-NOVA/ProximaNova-RegItalic.otf"; sourceTree = "<group>"; };
		AD4416AE1A41D91D00F4EF5F /* ProximaNova-LightItalic.otf */ = {isa = PBXFileReference; lastKnownFileType = file; name = "ProximaNova-LightItalic.otf"; path = "../../../../../Google Drive/WTF-H4/Assets/FONTS/PROXIMA-NOVA/ProximaNova-LightItalic.otf"; sourceTree = "<group>"; };
		AD4416AF1A41D91D00F4EF5F /* ProximaNova-Light.otf */ = {isa = PBXFileReference; lastKnownFileType = file; name = "ProximaNova-Light.otf"; path = "../../../../../Google Drive/WTF-H4/Assets/FONTS/PROXIMA-NOVA/ProximaNova-Light.otf"; sourceTree = "<group>"; };
		AD4416B01A41D91D00F4EF5F /* ProximaNova-Extrabold.otf */ = {isa = PBXFileReference; lastKnownFileType = file; name = "ProximaNova-Extrabold.otf"; path = "../../../../../Google Drive/WTF-H4/Assets/FONTS/PROXIMA-NOVA/ProximaNova-Extrabold.otf"; sourceTree = "<group>"; };
		AD4416B11A41D91D00F4EF5F /* ProximaNova-BoldIt.otf */ = {isa = PBXFileReference; lastKnownFileType = file; name = "ProximaNova-BoldIt.otf"; path = "../../../../../Google Drive/WTF-H4/Assets/FONTS/PROXIMA-NOVA/ProximaNova-BoldIt.otf"; sourceTree = "<group>"; };
		AD4416B21A41D91D00F4EF5F /* ProximaNova-Bold.otf */ = {isa = PBXFileReference; lastKnownFileType = file; name = "ProximaNova-Bold.otf"; path = "../../../../../Google Drive/WTF-H4/Assets/FONTS/PROXIMA-NOVA/ProximaNova-Bold.otf"; sourceTree = "<group>"; };
		AD4416B31A41D91D00F4EF5F /* ProximaNova-Black.otf */ = {isa = PBXFileReference; lastKnownFileType = file; name = "ProximaNova-Black.otf"; path = "../../../../../Google Drive/WTF-H4/Assets/FONTS/PROXIMA-NOVA/ProximaNova-Black.otf"; sourceTree = "<group>"; };
		AD4416B41A41D91D00F4EF5F /* Gotham-XLightItalic.otf */ = {isa = PBXFileReference; lastKnownFileType = file; name = "Gotham-XLightItalic.otf"; path = "../../../../../Google Drive/WTF-H4/Assets/FONTS/Gotham/Gotham-XLightItalic.otf"; sourceTree = "<group>"; };
		AD4416B51A41D91D00F4EF5F /* Gotham-XLight.otf */ = {isa = PBXFileReference; lastKnownFileType = file; name = "Gotham-XLight.otf"; path = "../../../../../Google Drive/WTF-H4/Assets/FONTS/Gotham/Gotham-XLight.otf"; sourceTree = "<group>"; };
		AD4416B61A41D91D00F4EF5F /* Gotham-UltraItalic.otf */ = {isa = PBXFileReference; lastKnownFileType = file; name = "Gotham-UltraItalic.otf"; path = "../../../../../Google Drive/WTF-H4/Assets/FONTS/Gotham/Gotham-UltraItalic.otf"; sourceTree = "<group>"; };
		AD4416B71A41D91D00F4EF5F /* Gotham-Ultra.otf */ = {isa = PBXFileReference; lastKnownFileType = file; name = "Gotham-Ultra.otf"; path = "../../../../../Google Drive/WTF-H4/Assets/FONTS/Gotham/Gotham-Ultra.otf"; sourceTree = "<group>"; };
		AD4416B81A41D91D00F4EF5F /* Gotham-ThinItalic.otf */ = {isa = PBXFileReference; lastKnownFileType = file; name = "Gotham-ThinItalic.otf"; path = "../../../../../Google Drive/WTF-H4/Assets/FONTS/Gotham/Gotham-ThinItalic.otf"; sourceTree = "<group>"; };
		AD4416B91A41D91D00F4EF5F /* Gotham-Thin.otf */ = {isa = PBXFileReference; lastKnownFileType = file; name = "Gotham-Thin.otf"; path = "../../../../../Google Drive/WTF-H4/Assets/FONTS/Gotham/Gotham-Thin.otf"; sourceTree = "<group>"; };
		AD4416BA1A41D91D00F4EF5F /* Gotham-MediumItalic.otf */ = {isa = PBXFileReference; lastKnownFileType = file; name = "Gotham-MediumItalic.otf"; path = "../../../../../Google Drive/WTF-H4/Assets/FONTS/Gotham/Gotham-MediumItalic.otf"; sourceTree = "<group>"; };
		AD4416BB1A41D91D00F4EF5F /* Gotham-Medium.otf */ = {isa = PBXFileReference; lastKnownFileType = file; name = "Gotham-Medium.otf"; path = "../../../../../Google Drive/WTF-H4/Assets/FONTS/Gotham/Gotham-Medium.otf"; sourceTree = "<group>"; };
		AD4416BC1A41D91D00F4EF5F /* Gotham-LightItalic.otf */ = {isa = PBXFileReference; lastKnownFileType = file; name = "Gotham-LightItalic.otf"; path = "../../../../../Google Drive/WTF-H4/Assets/FONTS/Gotham/Gotham-LightItalic.otf"; sourceTree = "<group>"; };
		AD4416BD1A41D91D00F4EF5F /* Gotham-Light.otf */ = {isa = PBXFileReference; lastKnownFileType = file; name = "Gotham-Light.otf"; path = "../../../../../Google Drive/WTF-H4/Assets/FONTS/Gotham/Gotham-Light.otf"; sourceTree = "<group>"; };
		AD4416BE1A41D91D00F4EF5F /* Gotham-BookItalic.otf */ = {isa = PBXFileReference; lastKnownFileType = file; name = "Gotham-BookItalic.otf"; path = "../../../../../Google Drive/WTF-H4/Assets/FONTS/Gotham/Gotham-BookItalic.otf"; sourceTree = "<group>"; };
		AD4416BF1A41D91D00F4EF5F /* Gotham-Book.otf */ = {isa = PBXFileReference; lastKnownFileType = file; name = "Gotham-Book.otf"; path = "../../../../../Google Drive/WTF-H4/Assets/FONTS/Gotham/Gotham-Book.otf"; sourceTree = "<group>"; };
		AD4416C01A41D91D00F4EF5F /* Gotham-BoldItalic.otf */ = {isa = PBXFileReference; lastKnownFileType = file; name = "Gotham-BoldItalic.otf"; path = "../../../../../Google Drive/WTF-H4/Assets/FONTS/Gotham/Gotham-BoldItalic.otf"; sourceTree = "<group>"; };
		AD4416C11A41D91D00F4EF5F /* Gotham-Bold.otf */ = {isa = PBXFileReference; lastKnownFileType = file; name = "Gotham-Bold.otf"; path = "../../../../../Google Drive/WTF-H4/Assets/FONTS/Gotham/Gotham-Bold.otf"; sourceTree = "<group>"; };
		AD4416C21A41D91D00F4EF5F /* Gotham-BlackItalic.otf */ = {isa = PBXFileReference; lastKnownFileType = file; name = "Gotham-BlackItalic.otf"; path = "../../../../../Google Drive/WTF-H4/Assets/FONTS/Gotham/Gotham-BlackItalic.otf"; sourceTree = "<group>"; };
		AD4416C31A41D91D00F4EF5F /* Gotham-Black.otf */ = {isa = PBXFileReference; lastKnownFileType = file; name = "Gotham-Black.otf"; path = "../../../../../Google Drive/WTF-H4/Assets/FONTS/Gotham/Gotham-Black.otf"; sourceTree = "<group>"; };
		AD5E68661A40918D00FBF012 /* Alamofire.xcodeproj */ = {isa = PBXFileReference; lastKnownFileType = "wrapper.pb-project"; name = Alamofire.xcodeproj; path = Alamofire/Alamofire.xcodeproj; sourceTree = "<group>"; };
		ADBCCC4D1A406CC9000C55A0 /* FacebookSDK.framework */ = {isa = PBXFileReference; lastKnownFileType = wrapper.framework; name = FacebookSDK.framework; path = ../../../Documents/FacebookSDK/FacebookSDK.framework; sourceTree = "<group>"; };
/* End PBXFileReference section */

/* Begin PBXFrameworksBuildPhase section */
		2D1AE7B81A4058DA00F111E6 /* Frameworks */ = {
			isa = PBXFrameworksBuildPhase;
			buildActionMask = 2147483647;
			files = (
				ADBCCC4E1A406CC9000C55A0 /* FacebookSDK.framework in Frameworks */,
			);
			runOnlyForDeploymentPostprocessing = 0;
		};
		2D1AE7CD1A4058DA00F111E6 /* Frameworks */ = {
			isa = PBXFrameworksBuildPhase;
			buildActionMask = 2147483647;
			files = (
			);
			runOnlyForDeploymentPostprocessing = 0;
		};
/* End PBXFrameworksBuildPhase section */

/* Begin PBXGroup section */
		2D1AE7B21A4058DA00F111E6 = {
			isa = PBXGroup;
			children = (
				ADBCCC4D1A406CC9000C55A0 /* FacebookSDK.framework */,
				2D1AE7BD1A4058DA00F111E6 /* What The Fête */,
				2D1AE7D31A4058DA00F111E6 /* What The FêteTests */,
				2D1AE7BC1A4058DA00F111E6 /* Products */,
				AD5E68661A40918D00FBF012 /* Alamofire.xcodeproj */,
			);
			sourceTree = "<group>";
		};
		2D1AE7BC1A4058DA00F111E6 /* Products */ = {
			isa = PBXGroup;
			children = (
				2D1AE7BB1A4058DA00F111E6 /* What The Fête.app */,
				2D1AE7D01A4058DA00F111E6 /* What The FêteTests.xctest */,
			);
			name = Products;
			sourceTree = "<group>";
		};
		2D1AE7BD1A4058DA00F111E6 /* What The Fête */ = {
			isa = PBXGroup;
			children = (
				AD4416A71A41D8DA00F4EF5F /* Fonts */,
				2D1AE7C01A4058DA00F111E6 /* AppDelegate.swift */,
				2D1AE7C21A4058DA00F111E6 /* FbLoginViewController.swift */,
				2DA27C511A40D579002B3AF8 /* Soiree.swift */,
				2D6839BB1A421B3F003F2497 /* User.swift */,
				2D7EE2221A434EAF0068E059 /* Rating.swift */,
				2D7EE2251A4351640068E059 /* Skill.swift */,
				2D15CA761A430BA800A7A5CC /* ParticipatingUser.swift */,
				2DA27C541A40D80F002B3AF8 /* SoireeTableViewCell.swift */,
				2D6839C01A422ADC003F2497 /* UserTableViewCell.swift */,
				2D1AE7E81A405EFF00F111E6 /* Bridge-Header.h */,
				2DA27C591A417E04002B3AF8 /* AddSoireeViewController.swift */,
				2D6839BE1A421F7E003F2497 /* People.swift */,
				2D1AE7C41A4058DA00F111E6 /* Main.storyboard */,
				2DA27C561A41765E002B3AF8 /* DetailSoireeViewController.swift */,
				2D6839C21A4233DB003F2497 /* DetailParticipatingUsersViewController.swift */,
				2DCFD52F1A4087BF006E0732 /* HomeViewController.swift */,
				2D1AE7C71A4058DA00F111E6 /* Images.xcassets */,
				2D1AE7C91A4058DA00F111E6 /* LaunchScreen.xib */,
				2D1AE7BE1A4058DA00F111E6 /* Supporting Files */,
			);
			path = "What The Fête";
			sourceTree = "<group>";
		};
		2D1AE7BE1A4058DA00F111E6 /* Supporting Files */ = {
			isa = PBXGroup;
			children = (
				2D1AE7BF1A4058DA00F111E6 /* Info.plist */,
			);
			name = "Supporting Files";
			sourceTree = "<group>";
		};
		2D1AE7D31A4058DA00F111E6 /* What The FêteTests */ = {
			isa = PBXGroup;
			children = (
				2D1AE7D61A4058DA00F111E6 /* What_The_Fe_teTests.swift */,
				2D1AE7D41A4058DA00F111E6 /* Supporting Files */,
			);
			path = "What The FêteTests";
			sourceTree = "<group>";
		};
		2D1AE7D41A4058DA00F111E6 /* Supporting Files */ = {
			isa = PBXGroup;
			children = (
				2D1AE7D51A4058DA00F111E6 /* Info.plist */,
			);
			name = "Supporting Files";
			sourceTree = "<group>";
		};
		AD4416A71A41D8DA00F4EF5F /* Fonts */ = {
			isa = PBXGroup;
			children = (
				AD4416A91A41D91D00F4EF5F /* ProximaNova-SemiboldItalic.otf */,
				AD4416AA1A41D91D00F4EF5F /* ProximaNova-Semibold.otf */,
				AD4416AB1A41D91D00F4EF5F /* ProximaNova-RegularItalic.otf */,
				AD4416AC1A41D91D00F4EF5F /* ProximaNova-Regular.otf */,
				AD4416AD1A41D91D00F4EF5F /* ProximaNova-RegItalic.otf */,
				AD4416AE1A41D91D00F4EF5F /* ProximaNova-LightItalic.otf */,
				AD4416AF1A41D91D00F4EF5F /* ProximaNova-Light.otf */,
				AD4416B01A41D91D00F4EF5F /* ProximaNova-Extrabold.otf */,
				AD4416B11A41D91D00F4EF5F /* ProximaNova-BoldIt.otf */,
				AD4416B21A41D91D00F4EF5F /* ProximaNova-Bold.otf */,
				AD4416B31A41D91D00F4EF5F /* ProximaNova-Black.otf */,
				AD4416B41A41D91D00F4EF5F /* Gotham-XLightItalic.otf */,
				AD4416B51A41D91D00F4EF5F /* Gotham-XLight.otf */,
				AD4416B61A41D91D00F4EF5F /* Gotham-UltraItalic.otf */,
				AD4416B71A41D91D00F4EF5F /* Gotham-Ultra.otf */,
				AD4416B81A41D91D00F4EF5F /* Gotham-ThinItalic.otf */,
				AD4416B91A41D91D00F4EF5F /* Gotham-Thin.otf */,
				AD4416BA1A41D91D00F4EF5F /* Gotham-MediumItalic.otf */,
				AD4416BB1A41D91D00F4EF5F /* Gotham-Medium.otf */,
				AD4416BC1A41D91D00F4EF5F /* Gotham-LightItalic.otf */,
				AD4416BD1A41D91D00F4EF5F /* Gotham-Light.otf */,
				AD4416BE1A41D91D00F4EF5F /* Gotham-BookItalic.otf */,
				AD4416BF1A41D91D00F4EF5F /* Gotham-Book.otf */,
				AD4416C01A41D91D00F4EF5F /* Gotham-BoldItalic.otf */,
				AD4416C11A41D91D00F4EF5F /* Gotham-Bold.otf */,
				AD4416C21A41D91D00F4EF5F /* Gotham-BlackItalic.otf */,
				AD4416C31A41D91D00F4EF5F /* Gotham-Black.otf */,
			);
			name = Fonts;
			path = fonts;
			sourceTree = "<group>";
		};
		AD5E68671A40918D00FBF012 /* Products */ = {
			isa = PBXGroup;
			children = (
				AD5E686C1A40918E00FBF012 /* Alamofire.framework */,
				AD5E686E1A40918E00FBF012 /* AlamofireTests.xctest */,
			);
			name = Products;
			sourceTree = "<group>";
		};
/* End PBXGroup section */

/* Begin PBXNativeTarget section */
		2D1AE7BA1A4058DA00F111E6 /* What The Fête */ = {
			isa = PBXNativeTarget;
			buildConfigurationList = 2D1AE7DA1A4058DA00F111E6 /* Build configuration list for PBXNativeTarget "What The Fête" */;
			buildPhases = (
				2D1AE7B71A4058DA00F111E6 /* Sources */,
				2D1AE7B81A4058DA00F111E6 /* Frameworks */,
				2D1AE7B91A4058DA00F111E6 /* Resources */,
				2D9507F71A40C54600B011A5 /* Embed Frameworks */,
			);
			buildRules = (
			);
			dependencies = (
				2D9507F61A40C54600B011A5 /* PBXTargetDependency */,
			);
			name = "What The Fête";
			productName = "What The Fête";
			productReference = 2D1AE7BB1A4058DA00F111E6 /* What The Fête.app */;
			productType = "com.apple.product-type.application";
		};
		2D1AE7CF1A4058DA00F111E6 /* What The FêteTests */ = {
			isa = PBXNativeTarget;
			buildConfigurationList = 2D1AE7DD1A4058DA00F111E6 /* Build configuration list for PBXNativeTarget "What The FêteTests" */;
			buildPhases = (
				2D1AE7CC1A4058DA00F111E6 /* Sources */,
				2D1AE7CD1A4058DA00F111E6 /* Frameworks */,
				2D1AE7CE1A4058DA00F111E6 /* Resources */,
			);
			buildRules = (
			);
			dependencies = (
				2D1AE7D21A4058DA00F111E6 /* PBXTargetDependency */,
			);
			name = "What The FêteTests";
			productName = "What The FêteTests";
			productReference = 2D1AE7D01A4058DA00F111E6 /* What The FêteTests.xctest */;
			productType = "com.apple.product-type.bundle.unit-test";
		};
/* End PBXNativeTarget section */

/* Begin PBXProject section */
		2D1AE7B31A4058DA00F111E6 /* Project object */ = {
			isa = PBXProject;
			attributes = {
				LastUpgradeCheck = 0610;
				ORGANIZATIONNAME = "Pierre-Jean DUGUÉ";
				TargetAttributes = {
					2D1AE7BA1A4058DA00F111E6 = {
						CreatedOnToolsVersion = 6.1.1;
					};
					2D1AE7CF1A4058DA00F111E6 = {
						CreatedOnToolsVersion = 6.1.1;
						TestTargetID = 2D1AE7BA1A4058DA00F111E6;
					};
				};
			};
			buildConfigurationList = 2D1AE7B61A4058DA00F111E6 /* Build configuration list for PBXProject "What The Fête" */;
			compatibilityVersion = "Xcode 3.2";
			developmentRegion = English;
			hasScannedForEncodings = 0;
			knownRegions = (
				en,
				Base,
			);
			mainGroup = 2D1AE7B21A4058DA00F111E6;
			productRefGroup = 2D1AE7BC1A4058DA00F111E6 /* Products */;
			projectDirPath = "";
			projectReferences = (
				{
					ProductGroup = AD5E68671A40918D00FBF012 /* Products */;
					ProjectRef = AD5E68661A40918D00FBF012 /* Alamofire.xcodeproj */;
				},
			);
			projectRoot = "";
			targets = (
				2D1AE7BA1A4058DA00F111E6 /* What The Fête */,
				2D1AE7CF1A4058DA00F111E6 /* What The FêteTests */,
			);
		};
/* End PBXProject section */

/* Begin PBXReferenceProxy section */
		AD5E686C1A40918E00FBF012 /* Alamofire.framework */ = {
			isa = PBXReferenceProxy;
			fileType = wrapper.framework;
			path = Alamofire.framework;
			remoteRef = AD5E686B1A40918E00FBF012 /* PBXContainerItemProxy */;
			sourceTree = BUILT_PRODUCTS_DIR;
		};
		AD5E686E1A40918E00FBF012 /* AlamofireTests.xctest */ = {
			isa = PBXReferenceProxy;
			fileType = wrapper.cfbundle;
			path = AlamofireTests.xctest;
			remoteRef = AD5E686D1A40918E00FBF012 /* PBXContainerItemProxy */;
			sourceTree = BUILT_PRODUCTS_DIR;
		};
/* End PBXReferenceProxy section */

/* Begin PBXResourcesBuildPhase section */
		2D1AE7B91A4058DA00F111E6 /* Resources */ = {
			isa = PBXResourcesBuildPhase;
			buildActionMask = 2147483647;
			files = (
				2D1AE7C61A4058DA00F111E6 /* Main.storyboard in Resources */,
				AD4416C71A41D91D00F4EF5F /* ProximaNova-Regular.otf in Resources */,
				AD4416DA1A41D91D00F4EF5F /* Gotham-Book.otf in Resources */,
				AD4416D61A41D91D00F4EF5F /* Gotham-Medium.otf in Resources */,
				AD4416CF1A41D91D00F4EF5F /* Gotham-XLightItalic.otf in Resources */,
				AD4416C91A41D91D00F4EF5F /* ProximaNova-LightItalic.otf in Resources */,
				AD4416CD1A41D91D00F4EF5F /* ProximaNova-Bold.otf in Resources */,
				AD4416D01A41D91D00F4EF5F /* Gotham-XLight.otf in Resources */,
				AD4416DC1A41D91D00F4EF5F /* Gotham-Bold.otf in Resources */,
				AD4416D41A41D91D00F4EF5F /* Gotham-Thin.otf in Resources */,
				AD4416DD1A41D91D00F4EF5F /* Gotham-BlackItalic.otf in Resources */,
				AD4416CB1A41D91D00F4EF5F /* ProximaNova-Extrabold.otf in Resources */,
				2D1AE7CB1A4058DA00F111E6 /* LaunchScreen.xib in Resources */,
				AD4416DE1A41D91D00F4EF5F /* Gotham-Black.otf in Resources */,
				AD4416D91A41D91D00F4EF5F /* Gotham-BookItalic.otf in Resources */,
				AD4416C51A41D91D00F4EF5F /* ProximaNova-Semibold.otf in Resources */,
				AD4416D51A41D91D00F4EF5F /* Gotham-MediumItalic.otf in Resources */,
				AD4416CA1A41D91D00F4EF5F /* ProximaNova-Light.otf in Resources */,
				AD4416D11A41D91D00F4EF5F /* Gotham-UltraItalic.otf in Resources */,
				AD4416C61A41D91D00F4EF5F /* ProximaNova-RegularItalic.otf in Resources */,
				AD4416CC1A41D91D00F4EF5F /* ProximaNova-BoldIt.otf in Resources */,
				AD4416C81A41D91D00F4EF5F /* ProximaNova-RegItalic.otf in Resources */,
				AD4416D21A41D91D00F4EF5F /* Gotham-Ultra.otf in Resources */,
				AD4416D31A41D91D00F4EF5F /* Gotham-ThinItalic.otf in Resources */,
				2D1AE7C81A4058DA00F111E6 /* Images.xcassets in Resources */,
				AD4416D81A41D91D00F4EF5F /* Gotham-Light.otf in Resources */,
				AD4416CE1A41D91D00F4EF5F /* ProximaNova-Black.otf in Resources */,
				AD4416D71A41D91D00F4EF5F /* Gotham-LightItalic.otf in Resources */,
				AD4416DB1A41D91D00F4EF5F /* Gotham-BoldItalic.otf in Resources */,
				AD4416C41A41D91D00F4EF5F /* ProximaNova-SemiboldItalic.otf in Resources */,
			);
			runOnlyForDeploymentPostprocessing = 0;
		};
		2D1AE7CE1A4058DA00F111E6 /* Resources */ = {
			isa = PBXResourcesBuildPhase;
			buildActionMask = 2147483647;
			files = (
			);
			runOnlyForDeploymentPostprocessing = 0;
		};
/* End PBXResourcesBuildPhase section */

/* Begin PBXSourcesBuildPhase section */
		2D1AE7B71A4058DA00F111E6 /* Sources */ = {
			isa = PBXSourcesBuildPhase;
			buildActionMask = 2147483647;
			files = (
				2DA27C571A41765E002B3AF8 /* DetailSoireeViewController.swift in Sources */,
				2D1AE7C31A4058DA00F111E6 /* FbLoginViewController.swift in Sources */,
				2D1AE7C11A4058DA00F111E6 /* AppDelegate.swift in Sources */,
				2DA27C551A40D80F002B3AF8 /* SoireeTableViewCell.swift in Sources */,
				2D6839C11A422ADC003F2497 /* UserTableViewCell.swift in Sources */,
				2D6839BF1A421F7E003F2497 /* People.swift in Sources */,
				2D6839BC1A421B3F003F2497 /* User.swift in Sources */,
				2D7EE2261A4351640068E059 /* Skill.swift in Sources */,
				2D6839C31A4233DB003F2497 /* DetailParticipatingUsersViewController.swift in Sources */,
				2D15CA771A430BA900A7A5CC /* ParticipatingUser.swift in Sources */,
				2DA27C5A1A417E04002B3AF8 /* AddSoireeViewController.swift in Sources */,
				2DA27C521A40D579002B3AF8 /* Soiree.swift in Sources */,
				2DCFD5301A4087BF006E0732 /* HomeViewController.swift in Sources */,
				2D7EE2231A434EAF0068E059 /* Rating.swift in Sources */,
			);
			runOnlyForDeploymentPostprocessing = 0;
		};
		2D1AE7CC1A4058DA00F111E6 /* Sources */ = {
			isa = PBXSourcesBuildPhase;
			buildActionMask = 2147483647;
			files = (
				2D1AE7D71A4058DA00F111E6 /* What_The_Fe_teTests.swift in Sources */,
			);
			runOnlyForDeploymentPostprocessing = 0;
		};
/* End PBXSourcesBuildPhase section */

/* Begin PBXTargetDependency section */
		2D1AE7D21A4058DA00F111E6 /* PBXTargetDependency */ = {
			isa = PBXTargetDependency;
			target = 2D1AE7BA1A4058DA00F111E6 /* What The Fête */;
			targetProxy = 2D1AE7D11A4058DA00F111E6 /* PBXContainerItemProxy */;
		};
		2D9507F61A40C54600B011A5 /* PBXTargetDependency */ = {
			isa = PBXTargetDependency;
			name = Alamofire;
			targetProxy = 2D9507F51A40C54600B011A5 /* PBXContainerItemProxy */;
		};
/* End PBXTargetDependency section */

/* Begin PBXVariantGroup section */
		2D1AE7C41A4058DA00F111E6 /* Main.storyboard */ = {
			isa = PBXVariantGroup;
			children = (
				2D1AE7C51A4058DA00F111E6 /* Base */,
			);
			name = Main.storyboard;
			sourceTree = "<group>";
		};
		2D1AE7C91A4058DA00F111E6 /* LaunchScreen.xib */ = {
			isa = PBXVariantGroup;
			children = (
				2D1AE7CA1A4058DA00F111E6 /* Base */,
			);
			name = LaunchScreen.xib;
			sourceTree = "<group>";
		};
/* End PBXVariantGroup section */

/* Begin XCBuildConfiguration section */
		2D1AE7D81A4058DA00F111E6 /* Debug */ = {
			isa = XCBuildConfiguration;
			buildSettings = {
				ALWAYS_SEARCH_USER_PATHS = NO;
				CLANG_CXX_LANGUAGE_STANDARD = "gnu++0x";
				CLANG_CXX_LIBRARY = "libc++";
				CLANG_ENABLE_MODULES = YES;
				CLANG_ENABLE_OBJC_ARC = YES;
				CLANG_WARN_BOOL_CONVERSION = YES;
				CLANG_WARN_CONSTANT_CONVERSION = YES;
				CLANG_WARN_DIRECT_OBJC_ISA_USAGE = YES_ERROR;
				CLANG_WARN_EMPTY_BODY = YES;
				CLANG_WARN_ENUM_CONVERSION = YES;
				CLANG_WARN_INT_CONVERSION = YES;
				CLANG_WARN_OBJC_ROOT_CLASS = YES_ERROR;
				CLANG_WARN_UNREACHABLE_CODE = YES;
				CLANG_WARN__DUPLICATE_METHOD_MATCH = YES;
				"CODE_SIGN_IDENTITY[sdk=iphoneos*]" = "iPhone Developer";
				COPY_PHASE_STRIP = NO;
				ENABLE_STRICT_OBJC_MSGSEND = YES;
				GCC_C_LANGUAGE_STANDARD = gnu99;
				GCC_DYNAMIC_NO_PIC = NO;
				GCC_OPTIMIZATION_LEVEL = 0;
				GCC_PREPROCESSOR_DEFINITIONS = (
					"DEBUG=1",
					"$(inherited)",
				);
				GCC_SYMBOLS_PRIVATE_EXTERN = NO;
				GCC_WARN_64_TO_32_BIT_CONVERSION = YES;
				GCC_WARN_ABOUT_RETURN_TYPE = YES_ERROR;
				GCC_WARN_UNDECLARED_SELECTOR = YES;
				GCC_WARN_UNINITIALIZED_AUTOS = YES_AGGRESSIVE;
				GCC_WARN_UNUSED_FUNCTION = YES;
				GCC_WARN_UNUSED_VARIABLE = YES;
				IPHONEOS_DEPLOYMENT_TARGET = 8.1;
				MTL_ENABLE_DEBUG_INFO = YES;
				ONLY_ACTIVE_ARCH = YES;
				SDKROOT = iphoneos;
				SWIFT_OPTIMIZATION_LEVEL = "-Onone";
			};
			name = Debug;
		};
		2D1AE7D91A4058DA00F111E6 /* Release */ = {
			isa = XCBuildConfiguration;
			buildSettings = {
				ALWAYS_SEARCH_USER_PATHS = NO;
				CLANG_CXX_LANGUAGE_STANDARD = "gnu++0x";
				CLANG_CXX_LIBRARY = "libc++";
				CLANG_ENABLE_MODULES = YES;
				CLANG_ENABLE_OBJC_ARC = YES;
				CLANG_WARN_BOOL_CONVERSION = YES;
				CLANG_WARN_CONSTANT_CONVERSION = YES;
				CLANG_WARN_DIRECT_OBJC_ISA_USAGE = YES_ERROR;
				CLANG_WARN_EMPTY_BODY = YES;
				CLANG_WARN_ENUM_CONVERSION = YES;
				CLANG_WARN_INT_CONVERSION = YES;
				CLANG_WARN_OBJC_ROOT_CLASS = YES_ERROR;
				CLANG_WARN_UNREACHABLE_CODE = YES;
				CLANG_WARN__DUPLICATE_METHOD_MATCH = YES;
				"CODE_SIGN_IDENTITY[sdk=iphoneos*]" = "iPhone Developer";
				COPY_PHASE_STRIP = YES;
				ENABLE_NS_ASSERTIONS = NO;
				ENABLE_STRICT_OBJC_MSGSEND = YES;
				GCC_C_LANGUAGE_STANDARD = gnu99;
				GCC_WARN_64_TO_32_BIT_CONVERSION = YES;
				GCC_WARN_ABOUT_RETURN_TYPE = YES_ERROR;
				GCC_WARN_UNDECLARED_SELECTOR = YES;
				GCC_WARN_UNINITIALIZED_AUTOS = YES_AGGRESSIVE;
				GCC_WARN_UNUSED_FUNCTION = YES;
				GCC_WARN_UNUSED_VARIABLE = YES;
				IPHONEOS_DEPLOYMENT_TARGET = 8.1;
				MTL_ENABLE_DEBUG_INFO = NO;
				SDKROOT = iphoneos;
				VALIDATE_PRODUCT = YES;
			};
			name = Release;
		};
		2D1AE7DB1A4058DA00F111E6 /* Debug */ = {
			isa = XCBuildConfiguration;
			buildSettings = {
				ASSETCATALOG_COMPILER_APPICON_NAME = AppIcon;
				EMBEDDED_CONTENT_CONTAINS_SWIFT = YES;
				FRAMEWORK_SEARCH_PATHS = (
					"$(inherited)",
					"$(PROJECT_DIR)",
					/Users/ChatNoir/Documents/FacebookSDK,
					/Users/Remy/Documents/FacebookSDK,
				);
				INFOPLIST_FILE = "What The Fête/Info.plist";
				LD_RUNPATH_SEARCH_PATHS = "$(inherited) @executable_path/Frameworks";
				PRODUCT_NAME = "$(TARGET_NAME)";
				SWIFT_OBJC_BRIDGING_HEADER = "What The Fête/Bridge-Header.h";
			};
			name = Debug;
		};
		2D1AE7DC1A4058DA00F111E6 /* Release */ = {
			isa = XCBuildConfiguration;
			buildSettings = {
				ASSETCATALOG_COMPILER_APPICON_NAME = AppIcon;
				EMBEDDED_CONTENT_CONTAINS_SWIFT = YES;
				FRAMEWORK_SEARCH_PATHS = (
					"$(inherited)",
					"$(PROJECT_DIR)",
					/Users/ChatNoir/Documents/FacebookSDK,
					/Users/Remy/Documents/FacebookSDK,
				);
				INFOPLIST_FILE = "What The Fête/Info.plist";
				LD_RUNPATH_SEARCH_PATHS = "$(inherited) @executable_path/Frameworks";
				PRODUCT_NAME = "$(TARGET_NAME)";
				SWIFT_OBJC_BRIDGING_HEADER = "What The Fête/Bridge-Header.h";
			};
			name = Release;
		};
		2D1AE7DE1A4058DA00F111E6 /* Debug */ = {
			isa = XCBuildConfiguration;
			buildSettings = {
				BUNDLE_LOADER = "$(TEST_HOST)";
				FRAMEWORK_SEARCH_PATHS = (
					"$(SDKROOT)/Developer/Library/Frameworks",
					"$(inherited)",
				);
				GCC_PREPROCESSOR_DEFINITIONS = (
					"DEBUG=1",
					"$(inherited)",
				);
				INFOPLIST_FILE = "What The FêteTests/Info.plist";
				LD_RUNPATH_SEARCH_PATHS = "$(inherited) @executable_path/Frameworks @loader_path/Frameworks";
				PRODUCT_NAME = "$(TARGET_NAME)";
				TEST_HOST = "$(BUILT_PRODUCTS_DIR)/What The Fête.app/What The Fête";
			};
			name = Debug;
		};
		2D1AE7DF1A4058DA00F111E6 /* Release */ = {
			isa = XCBuildConfiguration;
			buildSettings = {
				BUNDLE_LOADER = "$(TEST_HOST)";
				FRAMEWORK_SEARCH_PATHS = (
					"$(SDKROOT)/Developer/Library/Frameworks",
					"$(inherited)",
				);
				INFOPLIST_FILE = "What The FêteTests/Info.plist";
				LD_RUNPATH_SEARCH_PATHS = "$(inherited) @executable_path/Frameworks @loader_path/Frameworks";
				PRODUCT_NAME = "$(TARGET_NAME)";
				TEST_HOST = "$(BUILT_PRODUCTS_DIR)/What The Fête.app/What The Fête";
			};
			name = Release;
		};
/* End XCBuildConfiguration section */

/* Begin XCConfigurationList section */
		2D1AE7B61A4058DA00F111E6 /* Build configuration list for PBXProject "What The Fête" */ = {
			isa = XCConfigurationList;
			buildConfigurations = (
				2D1AE7D81A4058DA00F111E6 /* Debug */,
				2D1AE7D91A4058DA00F111E6 /* Release */,
			);
			defaultConfigurationIsVisible = 0;
			defaultConfigurationName = Release;
		};
		2D1AE7DA1A4058DA00F111E6 /* Build configuration list for PBXNativeTarget "What The Fête" */ = {
			isa = XCConfigurationList;
			buildConfigurations = (
				2D1AE7DB1A4058DA00F111E6 /* Debug */,
				2D1AE7DC1A4058DA00F111E6 /* Release */,
			);
			defaultConfigurationIsVisible = 0;
			defaultConfigurationName = Release;
		};
		2D1AE7DD1A4058DA00F111E6 /* Build configuration list for PBXNativeTarget "What The FêteTests" */ = {
			isa = XCConfigurationList;
			buildConfigurations = (
				2D1AE7DE1A4058DA00F111E6 /* Debug */,
				2D1AE7DF1A4058DA00F111E6 /* Release */,
			);
			defaultConfigurationIsVisible = 0;
			defaultConfigurationName = Release;
		};
/* End XCConfigurationList section */
	};
	rootObject = 2D1AE7B31A4058DA00F111E6 /* Project object */;
}
